
Microsoft Visual Studio Solution File, Format Version 12.00
# Visual Studio Version 17
VisualStudioVersion = 17.11.35312.102
MinimumVisualStudioVersion = 10.0.40219.1
Project("{2150E333-8FDC-42A3-9474-1A3956D46DE8}") = "Task0", "Task0", "{C17FADE9-2C09-4122-84CC-06335E2C0202}"
EndProject
Project("{9A19103F-16F7-4668-BE54-9A1E7A4F7556}") = "Tyuiu.KhudoiberdievDB.Sprint2.Task0.V24", "Tyuiu.KhudoiberdievDB.Sprint2.Task0.V24\Tyuiu.KhudoiberdievDB.Sprint2.Task0.V24.csproj", "{E5284CC7-A2CA-47AC-A47F-4038ECC351F2}"
EndProject
Project("{9A19103F-16F7-4668-BE54-9A1E7A4F7556}") = "Tyuiu.KhudoiberdievDB.Sprint2.Task0.V24.Lib", "Tyuiu.KhudoiberdievDB.Sprint2.Task0.V24.Lib\Tyuiu.KhudoiberdievDB.Sprint2.Task0.V24.Lib.csproj", "{E6F20E3A-8143-4350-A8DA-B7BFDF07E354}"
EndProject
Project("{9A19103F-16F7-4668-BE54-9A1E7A4F7556}") = "Tyuiu.KhudoiberdievDB.Sprint2.Task0.V24.Test", "Tyuiu.KhudoiberdievDB.Sprint2.Task0.V24.Test\Tyuiu.KhudoiberdievDB.Sprint2.Task0.V24.Test.csproj", "{13EEA2D2-11A9-44F3-A0EB-EF5918A2E8CA}"
EndProject
Project("{2150E333-8FDC-42A3-9474-1A3956D46DE8}") = "Task1", "Task1", "{C1E3A219-F66E-44A6-964F-C2913A1560AB}"
EndProject
Project("{9A19103F-16F7-4668-BE54-9A1E7A4F7556}") = "Tyuiu.KhudoiberdievDB.Sprint2.Task1.V29", "Tyuiu.KhudoiberdievDB.Sprint2.Task1.V29\Tyuiu.KhudoiberdievDB.Sprint2.Task1.V29.csproj", "{E604089C-A1DF-4BC2-8CE8-78FAA03C2576}"
EndProject
Project("{9A19103F-16F7-4668-BE54-9A1E7A4F7556}") = "Tyuiu.KhudoiberdievDB.Sprint2.Task1.V29.Lib", "Tyuiu.KhudoiberdievDB.Sprint2.Task1.V29.Lib\Tyuiu.KhudoiberdievDB.Sprint2.Task1.V29.Lib.csproj", "{6A7E5009-9486-4A07-B5DE-5E674BD92F04}"
EndProject
Project("{9A19103F-16F7-4668-BE54-9A1E7A4F7556}") = "Tyuiu.KhudoiberdievDB.Sprint2.Task1.V29.Test", "Tyuiu.KhudoiberdievDB.Sprint2.Task1.V29.Test\Tyuiu.KhudoiberdievDB.Sprint2.Task1.V29.Test.csproj", "{7299E50D-2E07-43B8-B4B0-358D0C4AB2A8}"
EndProject
Project("{2150E333-8FDC-42A3-9474-1A3956D46DE8}") = "Task2", "Task2", "{554904AA-F52D-4663-AB2A-70815E68CE68}"
EndProject
Project("{FAE04EC0-301F-11D3-BF4B-00C04F79EFBC}") = "Tyuiu.KhudoiberdievDB.Sprint2.Task2.V10", "Tyuiu.KhudoiberdievDB.Sprint2.Task2.V10\Tyuiu.KhudoiberdievDB.Sprint2.Task2.V10.csproj", "{EBA1AD90-3283-43B4-B48D-1EE777F1C879}"
EndProject
Project("{FAE04EC0-301F-11D3-BF4B-00C04F79EFBC}") = "Tyuiu.KhudoiberdievDB.Sprint2.Task2.V10.Test", "Tyuiu.KhudoiberdievDB.Sprint2.Task2.V10.Test\Tyuiu.KhudoiberdievDB.Sprint2.Task2.V10.Test.csproj", "{8F13FC90-5235-459C-96AD-E821E3C40D2B}"
EndProject
Project("{FAE04EC0-301F-11D3-BF4B-00C04F79EFBC}") = "Tyuiu.KhudoiberdievDB.Sprint2.Task2.V10.Lib", "Tyuiu.KhudoiberdievDB.Sprint2.Task2.V10.Lib\Tyuiu.KhudoiberdievDB.Sprint2.Task2.V10.Lib.csproj", "{704590A4-6EFD-4B26-8492-52696BB603E3}"
EndProject
Project("{2150E333-8FDC-42A3-9474-1A3956D46DE8}") = "Task3", "Task3", "{DC611BAC-2E74-49E1-B63D-C4A647DE3693}"
EndProject
Project("{FAE04EC0-301F-11D3-BF4B-00C04F79EFBC}") = "Tyuiu.KhudoiberdievDB.Sprint2.Task3.V13", "Tyuiu.KhudoiberdievDB.Sprint2.Task3.V13\Tyuiu.KhudoiberdievDB.Sprint2.Task3.V13.csproj", "{F242165C-2604-4ADF-ABFE-09E20EFEA383}"
EndProject
Project("{FAE04EC0-301F-11D3-BF4B-00C04F79EFBC}") = "Tyuiu.KhudoiberdievDB.Sprint2.Task3.V13.Lib", "Tyuiu.KhudoiberdievDB.Sprint2.Task3.V13.Lib\Tyuiu.KhudoiberdievDB.Sprint2.Task3.V13.Lib.csproj", "{46E54231-6159-4426-80CE-FA8D8F7BE889}"
EndProject
Project("{FAE04EC0-301F-11D3-BF4B-00C04F79EFBC}") = "Tyuiu.KhudoiberdievDB.Sprint2.Task3.V13.Test", "Tyuiu.KhudoiberdievDB.Sprint2.Task3.V13.Test\Tyuiu.KhudoiberdievDB.Sprint2.Task3.V13.Test.csproj", "{5ED4F8E9-4AA6-457C-A755-3F0BDC1ABD4E}"
EndProject
Project("{2150E333-8FDC-42A3-9474-1A3956D46DE8}") = "Task4", "Task4", "{A582D4E8-E4BB-4B60-8028-ECF6FFE8043F}"
EndProject
Project("{FAE04EC0-301F-11D3-BF4B-00C04F79EFBC}") = "Tyuiu.KhudoiberdievDB.Sprint2.Task4.V26", "Tyuiu.KhudoiberdievDB.Sprint2.Task4.V26\Tyuiu.KhudoiberdievDB.Sprint2.Task4.V26.csproj", "{6B4E3C80-E494-49BD-B006-017DFBACCEA7}"
EndProject
Project("{FAE04EC0-301F-11D3-BF4B-00C04F79EFBC}") = "Tyuiu.KhudoiberdievDB.Sprint2.Task4.V26.Lib", "Tyuiu.KhudoiberdievDB.Sprint2.Task4.V26.Lib\Tyuiu.KhudoiberdievDB.Sprint2.Task4.V26.Lib.csproj", "{76DA1B4E-44F3-4E35-84D7-94397AC3BBB3}"
EndProject
Project("{FAE04EC0-301F-11D3-BF4B-00C04F79EFBC}") = "Tyuiu.KhudoiberdievDB.Sprint2.Task4.V26.Test", "Tyuiu.KhudoiberdievDB.Sprint2.Task4.V26.Test\Tyuiu.KhudoiberdievDB.Sprint2.Task4.V26.Test.csproj", "{70ECC999-DA5D-4446-A490-25F9C886F0C6}"
EndProject
Project("{2150E333-8FDC-42A3-9474-1A3956D46DE8}") = "Task5", "Task5", "{B449D625-49A6-4CD7-A597-7F5401D2D27B}"
EndProject
Project("{FAE04EC0-301F-11D3-BF4B-00C04F79EFBC}") = "Tyuiu.KhudoiberdievDB.Sprint2.Task5.V2", "Tyuiu.KhudoiberdievDB.Sprint2.Task5.V2\Tyuiu.KhudoiberdievDB.Sprint2.Task5.V2.csproj", "{091767DB-BDFA-40D5-A5BA-FA009D530DF2}"
EndProject
Project("{FAE04EC0-301F-11D3-BF4B-00C04F79EFBC}") = "Tyuiu.KhudoiberdievDB.Sprint2.Task5.V2.Test", "Tyuiu.KhudoiberdievDB.Sprint2.Task5.V2.Test\Tyuiu.KhudoiberdievDB.Sprint2.Task5.V2.Test.csproj", "{2611F7A4-F353-441C-9B85-333C82F02602}"
EndProject
Project("{FAE04EC0-301F-11D3-BF4B-00C04F79EFBC}") = "Tyuiu.KhudoiberdievDB.Sprint2.Task5.V2.Lib", "Tyuiu.KhudoiberdievDB.Sprint2.Task5.V2.Lib\Tyuiu.KhudoiberdievDB.Sprint2.Task5.V2.Lib.csproj", "{FA4D1EB8-042A-4B4F-895D-E5C4D9EE0403}"
EndProject
Project("{2150E333-8FDC-42A3-9474-1A3956D46DE8}") = "Task6", "Task6", "{1965B876-5DE0-46FF-A2BD-2632E7F18F2D}"
EndProject
Project("{FAE04EC0-301F-11D3-BF4B-00C04F79EFBC}") = "Tyuiu.KhudoiberdievDB.Sprint2.Task6.V3", "Tyuiu.KhudoiberdievDB.Sprint2.Task6.V3\Tyuiu.KhudoiberdievDB.Sprint2.Task6.V3.csproj", "{51CB2F5B-C051-4607-8750-172E6065D2DE}"
EndProject
Project("{FAE04EC0-301F-11D3-BF4B-00C04F79EFBC}") = "Tyuiu.KhudoiberdievDB.Sprint2.Task6.V3.Lib", "Tyuiu.KhudoiberdievDB.Sprint2.Task6.V3.Lib\Tyuiu.KhudoiberdievDB.Sprint2.Task6.V3.Lib.csproj", "{7BF0EFE9-40B3-4632-8E07-2BF9B04ED573}"
EndProject
Project("{FAE04EC0-301F-11D3-BF4B-00C04F79EFBC}") = "Tyuiu.KhudoiberdievDB.Sprint2.Task6.V3.Test", "Tyuiu.KhudoiberdievDB.Sprint2.Task6.V3.Test\Tyuiu.KhudoiberdievDB.Sprint2.Task6.V3.Test.csproj", "{7DDCB078-50CA-4A19-A4C6-8938AE58E7D4}"
EndProject
Global
	GlobalSection(SolutionConfigurationPlatforms) = preSolution
		Debug|Any CPU = Debug|Any CPU
		Release|Any CPU = Release|Any CPU
	EndGlobalSection
	GlobalSection(ProjectConfigurationPlatforms) = postSolution
		{E5284CC7-A2CA-47AC-A47F-4038ECC351F2}.Debug|Any CPU.ActiveCfg = Debug|Any CPU
		{E5284CC7-A2CA-47AC-A47F-4038ECC351F2}.Debug|Any CPU.Build.0 = Debug|Any CPU
		{E5284CC7-A2CA-47AC-A47F-4038ECC351F2}.Release|Any CPU.ActiveCfg = Release|Any CPU
		{E5284CC7-A2CA-47AC-A47F-4038ECC351F2}.Release|Any CPU.Build.0 = Release|Any CPU
		{E6F20E3A-8143-4350-A8DA-B7BFDF07E354}.Debug|Any CPU.ActiveCfg = Debug|Any CPU
		{E6F20E3A-8143-4350-A8DA-B7BFDF07E354}.Debug|Any CPU.Build.0 = Debug|Any CPU
		{E6F20E3A-8143-4350-A8DA-B7BFDF07E354}.Release|Any CPU.ActiveCfg = Release|Any CPU
		{E6F20E3A-8143-4350-A8DA-B7BFDF07E354}.Release|Any CPU.Build.0 = Release|Any CPU
		{13EEA2D2-11A9-44F3-A0EB-EF5918A2E8CA}.Debug|Any CPU.ActiveCfg = Debug|Any CPU
		{13EEA2D2-11A9-44F3-A0EB-EF5918A2E8CA}.Debug|Any CPU.Build.0 = Debug|Any CPU
		{13EEA2D2-11A9-44F3-A0EB-EF5918A2E8CA}.Release|Any CPU.ActiveCfg = Release|Any CPU
		{13EEA2D2-11A9-44F3-A0EB-EF5918A2E8CA}.Release|Any CPU.Build.0 = Release|Any CPU
		{E604089C-A1DF-4BC2-8CE8-78FAA03C2576}.Debug|Any CPU.ActiveCfg = Debug|Any CPU
		{E604089C-A1DF-4BC2-8CE8-78FAA03C2576}.Debug|Any CPU.Build.0 = Debug|Any CPU
		{E604089C-A1DF-4BC2-8CE8-78FAA03C2576}.Release|Any CPU.ActiveCfg = Release|Any CPU
		{E604089C-A1DF-4BC2-8CE8-78FAA03C2576}.Release|Any CPU.Build.0 = Release|Any CPU
		{6A7E5009-9486-4A07-B5DE-5E674BD92F04}.Debug|Any CPU.ActiveCfg = Debug|Any CPU
		{6A7E5009-9486-4A07-B5DE-5E674BD92F04}.Debug|Any CPU.Build.0 = Debug|Any CPU
		{6A7E5009-9486-4A07-B5DE-5E674BD92F04}.Release|Any CPU.ActiveCfg = Release|Any CPU
		{6A7E5009-9486-4A07-B5DE-5E674BD92F04}.Release|Any CPU.Build.0 = Release|Any CPU
		{7299E50D-2E07-43B8-B4B0-358D0C4AB2A8}.Debug|Any CPU.ActiveCfg = Debug|Any CPU
		{7299E50D-2E07-43B8-B4B0-358D0C4AB2A8}.Debug|Any CPU.Build.0 = Debug|Any CPU
		{7299E50D-2E07-43B8-B4B0-358D0C4AB2A8}.Release|Any CPU.ActiveCfg = Release|Any CPU
		{7299E50D-2E07-43B8-B4B0-358D0C4AB2A8}.Release|Any CPU.Build.0 = Release|Any CPU
		{EBA1AD90-3283-43B4-B48D-1EE777F1C879}.Debug|Any CPU.ActiveCfg = Debug|Any CPU
		{EBA1AD90-3283-43B4-B48D-1EE777F1C879}.Debug|Any CPU.Build.0 = Debug|Any CPU
		{EBA1AD90-3283-43B4-B48D-1EE777F1C879}.Release|Any CPU.ActiveCfg = Release|Any CPU
		{EBA1AD90-3283-43B4-B48D-1EE777F1C879}.Release|Any CPU.Build.0 = Release|Any CPU
		{8F13FC90-5235-459C-96AD-E821E3C40D2B}.Debug|Any CPU.ActiveCfg = Debug|Any CPU
		{8F13FC90-5235-459C-96AD-E821E3C40D2B}.Debug|Any CPU.Build.0 = Debug|Any CPU
		{8F13FC90-5235-459C-96AD-E821E3C40D2B}.Release|Any CPU.ActiveCfg = Release|Any CPU
		{8F13FC90-5235-459C-96AD-E821E3C40D2B}.Release|Any CPU.Build.0 = Release|Any CPU
		{704590A4-6EFD-4B26-8492-52696BB603E3}.Debug|Any CPU.ActiveCfg = Debug|Any CPU
		{704590A4-6EFD-4B26-8492-52696BB603E3}.Debug|Any CPU.Build.0 = Debug|Any CPU
		{704590A4-6EFD-4B26-8492-52696BB603E3}.Release|Any CPU.ActiveCfg = Release|Any CPU
		{704590A4-6EFD-4B26-8492-52696BB603E3}.Release|Any CPU.Build.0 = Release|Any CPU
		{F242165C-2604-4ADF-ABFE-09E20EFEA383}.Debug|Any CPU.ActiveCfg = Debug|Any CPU
		{F242165C-2604-4ADF-ABFE-09E20EFEA383}.Debug|Any CPU.Build.0 = Debug|Any CPU
		{F242165C-2604-4ADF-ABFE-09E20EFEA383}.Release|Any CPU.ActiveCfg = Release|Any CPU
		{F242165C-2604-4ADF-ABFE-09E20EFEA383}.Release|Any CPU.Build.0 = Release|Any CPU
		{46E54231-6159-4426-80CE-FA8D8F7BE889}.Debug|Any CPU.ActiveCfg = Debug|Any CPU
		{46E54231-6159-4426-80CE-FA8D8F7BE889}.Debug|Any CPU.Build.0 = Debug|Any CPU
		{46E54231-6159-4426-80CE-FA8D8F7BE889}.Release|Any CPU.ActiveCfg = Release|Any CPU
		{46E54231-6159-4426-80CE-FA8D8F7BE889}.Release|Any CPU.Build.0 = Release|Any CPU
		{5ED4F8E9-4AA6-457C-A755-3F0BDC1ABD4E}.Debug|Any CPU.ActiveCfg = Debug|Any CPU
		{5ED4F8E9-4AA6-457C-A755-3F0BDC1ABD4E}.Debug|Any CPU.Build.0 = Debug|Any CPU
		{5ED4F8E9-4AA6-457C-A755-3F0BDC1ABD4E}.Release|Any CPU.ActiveCfg = Release|Any CPU
		{5ED4F8E9-4AA6-457C-A755-3F0BDC1ABD4E}.Release|Any CPU.Build.0 = Release|Any CPU
		{6B4E3C80-E494-49BD-B006-017DFBACCEA7}.Debug|Any CPU.ActiveCfg = Debug|Any CPU
		{6B4E3C80-E494-49BD-B006-017DFBACCEA7}.Debug|Any CPU.Build.0 = Debug|Any CPU
		{6B4E3C80-E494-49BD-B006-017DFBACCEA7}.Release|Any CPU.ActiveCfg = Release|Any CPU
		{6B4E3C80-E494-49BD-B006-017DFBACCEA7}.Release|Any CPU.Build.0 = Release|Any CPU
		{76DA1B4E-44F3-4E35-84D7-94397AC3BBB3}.Debug|Any CPU.ActiveCfg = Debug|Any CPU
		{76DA1B4E-44F3-4E35-84D7-94397AC3BBB3}.Debug|Any CPU.Build.0 = Debug|Any CPU
		{76DA1B4E-44F3-4E35-84D7-94397AC3BBB3}.Release|Any CPU.ActiveCfg = Release|Any CPU
		{76DA1B4E-44F3-4E35-84D7-94397AC3BBB3}.Release|Any CPU.Build.0 = Release|Any CPU
		{70ECC999-DA5D-4446-A490-25F9C886F0C6}.Debug|Any CPU.ActiveCfg = Debug|Any CPU
		{70ECC999-DA5D-4446-A490-25F9C886F0C6}.Debug|Any CPU.Build.0 = Debug|Any CPU
		{70ECC999-DA5D-4446-A490-25F9C886F0C6}.Release|Any CPU.ActiveCfg = Release|Any CPU
		{70ECC999-DA5D-4446-A490-25F9C886F0C6}.Release|Any CPU.Build.0 = Release|Any CPU
		{091767DB-BDFA-40D5-A5BA-FA009D530DF2}.Debug|Any CPU.ActiveCfg = Debug|Any CPU
		{091767DB-BDFA-40D5-A5BA-FA009D530DF2}.Debug|Any CPU.Build.0 = Debug|Any CPU
		{091767DB-BDFA-40D5-A5BA-FA009D530DF2}.Release|Any CPU.ActiveCfg = Release|Any CPU
		{091767DB-BDFA-40D5-A5BA-FA009D530DF2}.Release|Any CPU.Build.0 = Release|Any CPU
		{2611F7A4-F353-441C-9B85-333C82F02602}.Debug|Any CPU.ActiveCfg = Debug|Any CPU
		{2611F7A4-F353-441C-9B85-333C82F02602}.Debug|Any CPU.Build.0 = Debug|Any CPU
		{2611F7A4-F353-441C-9B85-333C82F02602}.Release|Any CPU.ActiveCfg = Release|Any CPU
		{2611F7A4-F353-441C-9B85-333C82F02602}.Release|Any CPU.Build.0 = Release|Any CPU
		{FA4D1EB8-042A-4B4F-895D-E5C4D9EE0403}.Debug|Any CPU.ActiveCfg = Debug|Any CPU
		{FA4D1EB8-042A-4B4F-895D-E5C4D9EE0403}.Debug|Any CPU.Build.0 = Debug|Any CPU
		{FA4D1EB8-042A-4B4F-895D-E5C4D9EE0403}.Release|Any CPU.ActiveCfg = Release|Any CPU
		{FA4D1EB8-042A-4B4F-895D-E5C4D9EE0403}.Release|Any CPU.Build.0 = Release|Any CPU
		{51CB2F5B-C051-4607-8750-172E6065D2DE}.Debug|Any CPU.ActiveCfg = Debug|Any CPU
		{51CB2F5B-C051-4607-8750-172E6065D2DE}.Debug|Any CPU.Build.0 = Debug|Any CPU
		{51CB2F5B-C051-4607-8750-172E6065D2DE}.Release|Any CPU.ActiveCfg = Release|Any CPU
		{51CB2F5B-C051-4607-8750-172E6065D2DE}.Release|Any CPU.Build.0 = Release|Any CPU
		{7BF0EFE9-40B3-4632-8E07-2BF9B04ED573}.Debug|Any CPU.ActiveCfg = Debug|Any CPU
		{7BF0EFE9-40B3-4632-8E07-2BF9B04ED573}.Debug|Any CPU.Build.0 = Debug|Any CPU
		{7BF0EFE9-40B3-4632-8E07-2BF9B04ED573}.Release|Any CPU.ActiveCfg = Release|Any CPU
		{7BF0EFE9-40B3-4632-8E07-2BF9B04ED573}.Release|Any CPU.Build.0 = Release|Any CPU
		{7DDCB078-50CA-4A19-A4C6-8938AE58E7D4}.Debug|Any CPU.ActiveCfg = Debug|Any CPU
		{7DDCB078-50CA-4A19-A4C6-8938AE58E7D4}.Debug|Any CPU.Build.0 = Debug|Any CPU
		{7DDCB078-50CA-4A19-A4C6-8938AE58E7D4}.Release|Any CPU.ActiveCfg = Release|Any CPU
		{7DDCB078-50CA-4A19-A4C6-8938AE58E7D4}.Release|Any CPU.Build.0 = Release|Any CPU
	EndGlobalSection
	GlobalSection(SolutionProperties) = preSolution
		HideSolutionNode = FALSE
	EndGlobalSection
	GlobalSection(NestedProjects) = preSolution
		{E5284CC7-A2CA-47AC-A47F-4038ECC351F2} = {C17FADE9-2C09-4122-84CC-06335E2C0202}
		{E6F20E3A-8143-4350-A8DA-B7BFDF07E354} = {C17FADE9-2C09-4122-84CC-06335E2C0202}
		{13EEA2D2-11A9-44F3-A0EB-EF5918A2E8CA} = {C17FADE9-2C09-4122-84CC-06335E2C0202}
		{E604089C-A1DF-4BC2-8CE8-78FAA03C2576} = {C1E3A219-F66E-44A6-964F-C2913A1560AB}
		{6A7E5009-9486-4A07-B5DE-5E674BD92F04} = {C1E3A219-F66E-44A6-964F-C2913A1560AB}
		{7299E50D-2E07-43B8-B4B0-358D0C4AB2A8} = {C1E3A219-F66E-44A6-964F-C2913A1560AB}
		{EBA1AD90-3283-43B4-B48D-1EE777F1C879} = {554904AA-F52D-4663-AB2A-70815E68CE68}
		{8F13FC90-5235-459C-96AD-E821E3C40D2B} = {554904AA-F52D-4663-AB2A-70815E68CE68}
		{704590A4-6EFD-4B26-8492-52696BB603E3} = {554904AA-F52D-4663-AB2A-70815E68CE68}
		{F242165C-2604-4ADF-ABFE-09E20EFEA383} = {DC611BAC-2E74-49E1-B63D-C4A647DE3693}
		{46E54231-6159-4426-80CE-FA8D8F7BE889} = {DC611BAC-2E74-49E1-B63D-C4A647DE3693}
		{5ED4F8E9-4AA6-457C-A755-3F0BDC1ABD4E} = {DC611BAC-2E74-49E1-B63D-C4A647DE3693}
		{6B4E3C80-E494-49BD-B006-017DFBACCEA7} = {A582D4E8-E4BB-4B60-8028-ECF6FFE8043F}
		{76DA1B4E-44F3-4E35-84D7-94397AC3BBB3} = {A582D4E8-E4BB-4B60-8028-ECF6FFE8043F}
		{70ECC999-DA5D-4446-A490-25F9C886F0C6} = {A582D4E8-E4BB-4B60-8028-ECF6FFE8043F}
		{091767DB-BDFA-40D5-A5BA-FA009D530DF2} = {B449D625-49A6-4CD7-A597-7F5401D2D27B}
		{2611F7A4-F353-441C-9B85-333C82F02602} = {B449D625-49A6-4CD7-A597-7F5401D2D27B}
		{FA4D1EB8-042A-4B4F-895D-E5C4D9EE0403} = {B449D625-49A6-4CD7-A597-7F5401D2D27B}
		{51CB2F5B-C051-4607-8750-172E6065D2DE} = {1965B876-5DE0-46FF-A2BD-2632E7F18F2D}
		{7BF0EFE9-40B3-4632-8E07-2BF9B04ED573} = {1965B876-5DE0-46FF-A2BD-2632E7F18F2D}
		{7DDCB078-50CA-4A19-A4C6-8938AE58E7D4} = {1965B876-5DE0-46FF-A2BD-2632E7F18F2D}
	EndGlobalSection
	GlobalSection(ExtensibilityGlobals) = postSolution
		SolutionGuid = {8D600BD6-77DD-4DF1-9443-2218D2454A6B}
	EndGlobalSection
EndGlobal
