
Microsoft Visual Studio Solution File, Format Version 12.00
# Visual Studio Version 17
VisualStudioVersion = 17.11.35312.102
MinimumVisualStudioVersion = 10.0.40219.1
Project("{2150E333-8FDC-42A3-9474-1A3956D46DE8}") = "Task0", "Task0", "{C17FADE9-2C09-4122-84CC-06335E2C0202}"
EndProject
Project("{FAE04EC0-301F-11D3-BF4B-00C04F79EFBC}") = "Tyuiu.KhudoiberdievDB.Sprint2.Task0.V24", "Tyuiu.KhudoiberdievDB.Sprint2.Task0.V24\Tyuiu.KhudoiberdievDB.Sprint2.Task0.V24.csproj", "{E5284CC7-A2CA-47AC-A47F-4038ECC351F2}"
EndProject
Project("{FAE04EC0-301F-11D3-BF4B-00C04F79EFBC}") = "Tyuiu.KhudoiberdievDB.Sprint2.Task0.V24.Lib", "Tyuiu.KhudoiberdievDB.Sprint2.Task0.V24.Lib\Tyuiu.KhudoiberdievDB.Sprint2.Task0.V24.Lib.csproj", "{E6F20E3A-8143-4350-A8DA-B7BFDF07E354}"
EndProject
Project("{FAE04EC0-301F-11D3-BF4B-00C04F79EFBC}") = "Tyuiu.KhudoiberdievDB.Sprint2.Task0.V24.Test", "Tyuiu.KhudoiberdievDB.Sprint2.Task0.V24.Test\Tyuiu.KhudoiberdievDB.Sprint2.Task0.V24.Test.csproj", "{13EEA2D2-11A9-44F3-A0EB-EF5918A2E8CA}"
EndProject
Global
	GlobalSection(SolutionConfigurationPlatforms) = preSolution
		Debug|Any CPU = Debug|Any CPU
		Release|Any CPU = Release|Any CPU
	EndGlobalSection
	GlobalSection(ProjectConfigurationPlatforms) = postSolution
		{E5284CC7-A2CA-47AC-A47F-4038ECC351F2}.Debug|Any CPU.ActiveCfg = Debug|Any CPU
		{E5284CC7-A2CA-47AC-A47F-4038ECC351F2}.Debug|Any CPU.Build.0 = Debug|Any CPU
		{E5284CC7-A2CA-47AC-A47F-4038ECC351F2}.Release|Any CPU.ActiveCfg = Release|Any CPU
		{E5284CC7-A2CA-47AC-A47F-4038ECC351F2}.Release|Any CPU.Build.0 = Release|Any CPU
		{E6F20E3A-8143-4350-A8DA-B7BFDF07E354}.Debug|Any CPU.ActiveCfg = Debug|Any CPU
		{E6F20E3A-8143-4350-A8DA-B7BFDF07E354}.Debug|Any CPU.Build.0 = Debug|Any CPU
		{E6F20E3A-8143-4350-A8DA-B7BFDF07E354}.Release|Any CPU.ActiveCfg = Release|Any CPU
		{E6F20E3A-8143-4350-A8DA-B7BFDF07E354}.Release|Any CPU.Build.0 = Release|Any CPU
		{13EEA2D2-11A9-44F3-A0EB-EF5918A2E8CA}.Debug|Any CPU.ActiveCfg = Debug|Any CPU
		{13EEA2D2-11A9-44F3-A0EB-EF5918A2E8CA}.Debug|Any CPU.Build.0 = Debug|Any CPU
		{13EEA2D2-11A9-44F3-A0EB-EF5918A2E8CA}.Release|Any CPU.ActiveCfg = Release|Any CPU
		{13EEA2D2-11A9-44F3-A0EB-EF5918A2E8CA}.Release|Any CPU.Build.0 = Release|Any CPU
	EndGlobalSection
	GlobalSection(SolutionProperties) = preSolution
		HideSolutionNode = FALSE
	EndGlobalSection
	GlobalSection(NestedProjects) = preSolution
		{E5284CC7-A2CA-47AC-A47F-4038ECC351F2} = {C17FADE9-2C09-4122-84CC-06335E2C0202}
		{E6F20E3A-8143-4350-A8DA-B7BFDF07E354} = {C17FADE9-2C09-4122-84CC-06335E2C0202}
		{13EEA2D2-11A9-44F3-A0EB-EF5918A2E8CA} = {C17FADE9-2C09-4122-84CC-06335E2C0202}
	EndGlobalSection
	GlobalSection(ExtensibilityGlobals) = postSolution
		SolutionGuid = {8D600BD6-77DD-4DF1-9443-2218D2454A6B}
	EndGlobalSection
EndGlobal
